Microsoft Visual Studio Solution File, Format Version 12.00
# Visual Studio Version 17
VisualStudioVersion = 17.5.2.0
MinimumVisualStudioVersion = 10.0.40219.1
Project("{FAE04EC0-301F-11D3-BF4B-00C04F79EFBC}") = "RelicTracker", "RelicTracker.csproj", "{9364F3F6-4BDE-11E6-3636-32A9B6BC7528}"
EndProject
Global
	GlobalSection(SolutionConfigurationPlatforms) = preSolution
		Debug|Any CPU = Debug|Any CPU
		Release|Any CPU = Release|Any CPU
	EndGlobalSection
	GlobalSection(ProjectConfigurationPlatforms) = postSolution
		{9364F3F6-4BDE-11E6-3636-32A9B6BC7528}.Debug|Any CPU.ActiveCfg = Debug|Any CPU
		{9364F3F6-4BDE-11E6-3636-32A9B6BC7528}.Debug|Any CPU.Build.0 = Debug|Any CPU
		{9364F3F6-4BDE-11E6-3636-32A9B6BC7528}.Release|Any CPU.ActiveCfg = Release|Any CPU
		{9364F3F6-4BDE-11E6-3636-32A9B6BC7528}.Release|Any CPU.Build.0 = Release|Any CPU
	EndGlobalSection
	GlobalSection(SolutionProperties) = preSolution
		HideSolutionNode = FALSE
	EndGlobalSection
	GlobalSection(ExtensibilityGlobals) = postSolution
		SolutionGuid = {CEE3D24E-215E-4940-BA6E-AF050552D8D0}
	EndGlobalSection
EndGlobal
